// !$*UTF8*$!
{
	archiveVersion = 1;
	classes = {
	};
	objectVersion = 77;
	objects = {

/* Begin PBXBuildFile section */
		B55D1C402E24A71E00DECE90 /* P2PKit in Frameworks */ = {isa = PBXBuildFile; productRef = B55D1C3F2E24A71E00DECE90 /* P2PKit */; };
		B569A2742E24A2F400548454 /* P2PKit in Frameworks */ = {isa = PBXBuildFile; productRef = B569A2732E24A2F400548454 /* P2PKit */; };
/* End PBXBuildFile section */

/* Begin PBXContainerItemProxy section */
		B525633A2E1E133700CCDEFC /* PBXContainerItemProxy */ = {
			isa = PBXContainerItemProxy;
			containerPortal = B52563222E1E133600CCDEFC /* Project object */;
			proxyType = 1;
			remoteGlobalIDString = B52563292E1E133600CCDEFC;
			remoteInfo = Saboteur;
		};
		B52563442E1E133700CCDEFC /* PBXContainerItemProxy */ = {
			isa = PBXContainerItemProxy;
			containerPortal = B52563222E1E133600CCDEFC /* Project object */;
			proxyType = 1;
			remoteGlobalIDString = B52563292E1E133600CCDEFC;
			remoteInfo = Saboteur;
		};
/* End PBXContainerItemProxy section */

/* Begin PBXCopyFilesBuildPhase section */
		B55D1C432E24A7D600DECE90 /* CopyFiles */ = {
			isa = PBXCopyFilesBuildPhase;
			buildActionMask = 2147483647;
			dstPath = /usr/share/man/man1/;
			dstSubfolderSpec = 0;
			files = (
			);
			runOnlyForDeploymentPostprocessing = 1;
		};
/* End PBXCopyFilesBuildPhase section */

/* Begin PBXFileReference section */
		B51614E12E2491D0003D8BBB /* P2PTicTacToe.app */ = {isa = PBXFileReference; explicitFileType = wrapper.application; includeInIndex = 0; path = P2PTicTacToe.app; sourceTree = BUILT_PRODUCTS_DIR; };
		B525632A2E1E133600CCDEFC /* Saboteur.app */ = {isa = PBXFileReference; explicitFileType = wrapper.application; includeInIndex = 0; path = Saboteur.app; sourceTree = BUILT_PRODUCTS_DIR; };
		B52563392E1E133700CCDEFC /* SaboteurTests.xctest */ = {isa = PBXFileReference; explicitFileType = wrapper.cfbundle; includeInIndex = 0; path = SaboteurTests.xctest; sourceTree = BUILT_PRODUCTS_DIR; };
		B52563432E1E133700CCDEFC /* SaboteurUITests.xctest */ = {isa = PBXFileReference; explicitFileType = wrapper.cfbundle; includeInIndex = 0; path = SaboteurUITests.xctest; sourceTree = BUILT_PRODUCTS_DIR; };
		B55D1C452E24A7D600DECE90 /* GameEngine */ = {isa = PBXFileReference; explicitFileType = "compiled.mach-o.executable"; includeInIndex = 0; path = GameEngine; sourceTree = BUILT_PRODUCTS_DIR; };
/* End PBXFileReference section */

/* Begin PBXFileSystemSynchronizedBuildFileExceptionSet section */
		B51615312E249266003D8BBB /* Exceptions for "P2PTicTacToe" folder in "P2PTicTacToe" target */ = {
			isa = PBXFileSystemSynchronizedBuildFileExceptionSet;
			membershipExceptions = (
				Info.plist,
			);
			target = B51614E02E2491D0003D8BBB /* P2PTicTacToe */;
		};
/* End PBXFileSystemSynchronizedBuildFileExceptionSet section */

/* Begin PBXFileSystemSynchronizedRootGroup section */
		B51614E22E2491D0003D8BBB /* P2PTicTacToe */ = {
			isa = PBXFileSystemSynchronizedRootGroup;
			exceptions = (
				B51615312E249266003D8BBB /* Exceptions for "P2PTicTacToe" folder in "P2PTicTacToe" target */,
			);
			path = P2PTicTacToe;
			sourceTree = "<group>";
		};
		B525632C2E1E133600CCDEFC /* Saboteur */ = {
			isa = PBXFileSystemSynchronizedRootGroup;
			path = Saboteur;
			sourceTree = "<group>";
		};
		B525633C2E1E133700CCDEFC /* SaboteurTests */ = {
			isa = PBXFileSystemSynchronizedRootGroup;
			path = SaboteurTests;
			sourceTree = "<group>";
		};
		B52563462E1E133700CCDEFC /* SaboteurUITests */ = {
			isa = PBXFileSystemSynchronizedRootGroup;
			path = SaboteurUITests;
			sourceTree = "<group>";
		};
		B55D1C462E24A7D600DECE90 /* GameEngine */ = {
			isa = PBXFileSystemSynchronizedRootGroup;
			path = GameEngine;
			sourceTree = "<group>";
		};
/* End PBXFileSystemSynchronizedRootGroup section */

/* Begin PBXFrameworksBuildPhase section */
		B51614DE2E2491D0003D8BBB /* Frameworks */ = {
			isa = PBXFrameworksBuildPhase;
			buildActionMask = 2147483647;
			files = (
				B55D1C402E24A71E00DECE90 /* P2PKit in Frameworks */,
				B569A2742E24A2F400548454 /* P2PKit in Frameworks */,
			);
			runOnlyForDeploymentPostprocessing = 0;
		};
		B52563272E1E133600CCDEFC /* Frameworks */ = {
			isa = PBXFrameworksBuildPhase;
			buildActionMask = 2147483647;
			files = (
			);
			runOnlyForDeploymentPostprocessing = 0;
		};
		B52563362E1E133700CCDEFC /* Frameworks */ = {
			isa = PBXFrameworksBuildPhase;
			buildActionMask = 2147483647;
			files = (
			);
			runOnlyForDeploymentPostprocessing = 0;
		};
		B52563402E1E133700CCDEFC /* Frameworks */ = {
			isa = PBXFrameworksBuildPhase;
			buildActionMask = 2147483647;
			files = (
			);
			runOnlyForDeploymentPostprocessing = 0;
		};
		B55D1C422E24A7D600DECE90 /* Frameworks */ = {
			isa = PBXFrameworksBuildPhase;
			buildActionMask = 2147483647;
			files = (
			);
			runOnlyForDeploymentPostprocessing = 0;
		};
/* End PBXFrameworksBuildPhase section */

/* Begin PBXGroup section */
		B52563212E1E133600CCDEFC = {
			isa = PBXGroup;
			children = (
				B525632C2E1E133600CCDEFC /* Saboteur */,
				B525633C2E1E133700CCDEFC /* SaboteurTests */,
				B52563462E1E133700CCDEFC /* SaboteurUITests */,
				B51614E22E2491D0003D8BBB /* P2PTicTacToe */,
				B55D1C462E24A7D600DECE90 /* GameEngine */,
				B525632B2E1E133600CCDEFC /* Products */,
			);
			sourceTree = "<group>";
		};
		B525632B2E1E133600CCDEFC /* Products */ = {
			isa = PBXGroup;
			children = (
				B525632A2E1E133600CCDEFC /* Saboteur.app */,
				B52563392E1E133700CCDEFC /* SaboteurTests.xctest */,
				B52563432E1E133700CCDEFC /* SaboteurUITests.xctest */,
				B51614E12E2491D0003D8BBB /* P2PTicTacToe.app */,
				B55D1C452E24A7D600DECE90 /* GameEngine */,
			);
			name = Products;
			sourceTree = "<group>";
		};
/* End PBXGroup section */

/* Begin PBXNativeTarget section */
		B51614E02E2491D0003D8BBB /* P2PTicTacToe */ = {
			isa = PBXNativeTarget;
			buildConfigurationList = B51614EB2E2491D1003D8BBB /* Build configuration list for PBXNativeTarget "P2PTicTacToe" */;
			buildPhases = (
				B51614DD2E2491D0003D8BBB /* Sources */,
				B51614DE2E2491D0003D8BBB /* Frameworks */,
				B51614DF2E2491D0003D8BBB /* Resources */,
			);
			buildRules = (
			);
			dependencies = (
			);
			fileSystemSynchronizedGroups = (
				B51614E22E2491D0003D8BBB /* P2PTicTacToe */,
			);
			name = P2PTicTacToe;
			packageProductDependencies = (
				B569A2732E24A2F400548454 /* P2PKit */,
				B55D1C3F2E24A71E00DECE90 /* P2PKit */,
			);
			productName = P2PTicTacToe;
			productReference = B51614E12E2491D0003D8BBB /* P2PTicTacToe.app */;
			productType = "com.apple.product-type.application";
		};
		B52563292E1E133600CCDEFC /* Saboteur */ = {
			isa = PBXNativeTarget;
			buildConfigurationList = B525634D2E1E133700CCDEFC /* Build configuration list for PBXNativeTarget "Saboteur" */;
			buildPhases = (
				B52563582E1E160200CCDEFC /* SwiftFormat Script */,
				B52563562E1E155F00CCDEFC /* SwiftLint Script */,
				B52563262E1E133600CCDEFC /* Sources */,
				B52563272E1E133600CCDEFC /* Frameworks */,
				B52563282E1E133600CCDEFC /* Resources */,
			);
			buildRules = (
			);
			dependencies = (
			);
			fileSystemSynchronizedGroups = (
				B525632C2E1E133600CCDEFC /* Saboteur */,
			);
			name = Saboteur;
			packageProductDependencies = (
			);
			productName = Saboteur;
			productReference = B525632A2E1E133600CCDEFC /* Saboteur.app */;
			productType = "com.apple.product-type.application";
		};
		B52563382E1E133700CCDEFC /* SaboteurTests */ = {
			isa = PBXNativeTarget;
			buildConfigurationList = B52563502E1E133700CCDEFC /* Build configuration list for PBXNativeTarget "SaboteurTests" */;
			buildPhases = (
				B52563352E1E133700CCDEFC /* Sources */,
				B52563362E1E133700CCDEFC /* Frameworks */,
				B52563372E1E133700CCDEFC /* Resources */,
			);
			buildRules = (
			);
			dependencies = (
				B525633B2E1E133700CCDEFC /* PBXTargetDependency */,
			);
			fileSystemSynchronizedGroups = (
				B525633C2E1E133700CCDEFC /* SaboteurTests */,
			);
			name = SaboteurTests;
			packageProductDependencies = (
			);
			productName = SaboteurTests;
			productReference = B52563392E1E133700CCDEFC /* SaboteurTests.xctest */;
			productType = "com.apple.product-type.bundle.unit-test";
		};
		B52563422E1E133700CCDEFC /* SaboteurUITests */ = {
			isa = PBXNativeTarget;
			buildConfigurationList = B52563532E1E133700CCDEFC /* Build configuration list for PBXNativeTarget "SaboteurUITests" */;
			buildPhases = (
				B525633F2E1E133700CCDEFC /* Sources */,
				B52563402E1E133700CCDEFC /* Frameworks */,
				B52563412E1E133700CCDEFC /* Resources */,
			);
			buildRules = (
			);
			dependencies = (
				B52563452E1E133700CCDEFC /* PBXTargetDependency */,
			);
			fileSystemSynchronizedGroups = (
				B52563462E1E133700CCDEFC /* SaboteurUITests */,
			);
			name = SaboteurUITests;
			packageProductDependencies = (
			);
			productName = SaboteurUITests;
			productReference = B52563432E1E133700CCDEFC /* SaboteurUITests.xctest */;
			productType = "com.apple.product-type.bundle.ui-testing";
		};
		B55D1C442E24A7D600DECE90 /* GameEngine */ = {
			isa = PBXNativeTarget;
			buildConfigurationList = B55D1C492E24A7D600DECE90 /* Build configuration list for PBXNativeTarget "GameEngine" */;
			buildPhases = (
				B55D1C412E24A7D600DECE90 /* Sources */,
				B55D1C422E24A7D600DECE90 /* Frameworks */,
				B55D1C432E24A7D600DECE90 /* CopyFiles */,
			);
			buildRules = (
			);
			dependencies = (
			);
			fileSystemSynchronizedGroups = (
				B55D1C462E24A7D600DECE90 /* GameEngine */,
			);
			name = GameEngine;
			packageProductDependencies = (
			);
			productName = GameEngine;
			productReference = B55D1C452E24A7D600DECE90 /* GameEngine */;
			productType = "com.apple.product-type.tool";
		};
/* End PBXNativeTarget section */

/* Begin PBXProject section */
		B52563222E1E133600CCDEFC /* Project object */ = {
			isa = PBXProject;
			attributes = {
				BuildIndependentTargetsInParallel = 1;
				LastSwiftUpdateCheck = 1630;
				LastUpgradeCheck = 1630;
				TargetAttributes = {
					B51614E02E2491D0003D8BBB = {
						CreatedOnToolsVersion = 16.3;
					};
					B52563292E1E133600CCDEFC = {
						CreatedOnToolsVersion = 16.3;
					};
					B52563382E1E133700CCDEFC = {
						CreatedOnToolsVersion = 16.3;
						TestTargetID = B52563292E1E133600CCDEFC;
					};
					B52563422E1E133700CCDEFC = {
						CreatedOnToolsVersion = 16.3;
						TestTargetID = B52563292E1E133600CCDEFC;
					};
					B55D1C442E24A7D600DECE90 = {
						CreatedOnToolsVersion = 16.3;
					};
				};
			};
			buildConfigurationList = B52563252E1E133600CCDEFC /* Build configuration list for PBXProject "Saboteur" */;
			developmentRegion = en;
			hasScannedForEncodings = 0;
			knownRegions = (
				en,
				Base,
			);
			mainGroup = B52563212E1E133600CCDEFC;
			minimizedProjectReferenceProxies = 1;
			packageReferences = (
				B55D1C3E2E24A71E00DECE90 /* XCLocalSwiftPackageReference "../P2PKit" */,
			);
			preferredProjectObjectVersion = 77;
			productRefGroup = B525632B2E1E133600CCDEFC /* Products */;
			projectDirPath = "";
			projectRoot = "";
			targets = (
				B52563292E1E133600CCDEFC /* Saboteur */,
				B52563382E1E133700CCDEFC /* SaboteurTests */,
				B52563422E1E133700CCDEFC /* SaboteurUITests */,
				B51614E02E2491D0003D8BBB /* P2PTicTacToe */,
				B55D1C442E24A7D600DECE90 /* GameEngine */,
			);
		};
/* End PBXProject section */

/* Begin PBXResourcesBuildPhase section */
		B51614DF2E2491D0003D8BBB /* Resources */ = {
			isa = PBXResourcesBuildPhase;
			buildActionMask = 2147483647;
			files = (
			);
			runOnlyForDeploymentPostprocessing = 0;
		};
		B52563282E1E133600CCDEFC /* Resources */ = {
			isa = PBXResourcesBuildPhase;
			buildActionMask = 2147483647;
			files = (
			);
			runOnlyForDeploymentPostprocessing = 0;
		};
		B52563372E1E133700CCDEFC /* Resources */ = {
			isa = PBXResourcesBuildPhase;
			buildActionMask = 2147483647;
			files = (
			);
			runOnlyForDeploymentPostprocessing = 0;
		};
		B52563412E1E133700CCDEFC /* Resources */ = {
			isa = PBXResourcesBuildPhase;
			buildActionMask = 2147483647;
			files = (
			);
			runOnlyForDeploymentPostprocessing = 0;
		};
/* End PBXResourcesBuildPhase section */

/* Begin PBXShellScriptBuildPhase section */
		B52563562E1E155F00CCDEFC /* SwiftLint Script */ = {
			isa = PBXShellScriptBuildPhase;
			alwaysOutOfDate = 1;
			buildActionMask = 2147483647;
			files = (
			);
			inputFileListPaths = (
			);
			inputPaths = (
			);
			name = "SwiftLint Script";
			outputFileListPaths = (
			);
			outputPaths = (
			);
			runOnlyForDeploymentPostprocessing = 0;
			shellPath = /bin/sh;
			shellScript = "if [[ \"$(uname -m)\" == arm64 ]]; then\n    export PATH=\"/opt/homebrew/bin:$PATH\"\nfi\n\nif which swiftlint > /dev/null; then\n  swiftlint\nelse\n  echo \"warning: SwiftLint not installed, download from https://github.com/realm/SwiftLint\"\nfi\n";
		};
		B52563582E1E160200CCDEFC /* SwiftFormat Script */ = {
			isa = PBXShellScriptBuildPhase;
			buildActionMask = 2147483647;
			files = (
			);
			inputFileListPaths = (
			);
			inputPaths = (
			);
			name = "SwiftFormat Script";
			outputFileListPaths = (
			);
			outputPaths = (
			);
			runOnlyForDeploymentPostprocessing = 0;
			shellPath = /bin/sh;
			shellScript = "# Type a script or drag a script file from your workspace to insert its path.\nexport PATH=\"$PATH:/opt/homebrew/bin\"\nif which swiftformat > /dev/null; then\n  swiftformat .\nelse\n  echo \"warning: SwiftFormat not installed, download from https://github.com/nicklockwood/SwiftFormat\"\nfi\n";
		};
/* End PBXShellScriptBuildPhase section */

/* Begin PBXSourcesBuildPhase section */
		B51614DD2E2491D0003D8BBB /* Sources */ = {
			isa = PBXSourcesBuildPhase;
			buildActionMask = 2147483647;
			files = (
			);
			runOnlyForDeploymentPostprocessing = 0;
		};
		B52563262E1E133600CCDEFC /* Sources */ = {
			isa = PBXSourcesBuildPhase;
			buildActionMask = 2147483647;
			files = (
			);
			runOnlyForDeploymentPostprocessing = 0;
		};
		B52563352E1E133700CCDEFC /* Sources */ = {
			isa = PBXSourcesBuildPhase;
			buildActionMask = 2147483647;
			files = (
			);
			runOnlyForDeploymentPostprocessing = 0;
		};
		B525633F2E1E133700CCDEFC /* Sources */ = {
			isa = PBXSourcesBuildPhase;
			buildActionMask = 2147483647;
			files = (
			);
			runOnlyForDeploymentPostprocessing = 0;
		};
		B55D1C412E24A7D600DECE90 /* Sources */ = {
			isa = PBXSourcesBuildPhase;
			buildActionMask = 2147483647;
			files = (
			);
			runOnlyForDeploymentPostprocessing = 0;
		};
/* End PBXSourcesBuildPhase section */

/* Begin PBXTargetDependency section */
		B525633B2E1E133700CCDEFC /* PBXTargetDependency */ = {
			isa = PBXTargetDependency;
			target = B52563292E1E133600CCDEFC /* Saboteur */;
			targetProxy = B525633A2E1E133700CCDEFC /* PBXContainerItemProxy */;
		};
		B52563452E1E133700CCDEFC /* PBXTargetDependency */ = {
			isa = PBXTargetDependency;
			target = B52563292E1E133600CCDEFC /* Saboteur */;
			targetProxy = B52563442E1E133700CCDEFC /* PBXContainerItemProxy */;
		};
/* End PBXTargetDependency section */

/* Begin XCBuildConfiguration section */
		B51614E92E2491D1003D8BBB /* Debug */ = {
			isa = XCBuildConfiguration;
			buildSettings = {
				ASSETCATALOG_COMPILER_APPICON_NAME = AppIcon;
				ASSETCATALOG_COMPILER_GLOBAL_ACCENT_COLOR_NAME = AccentColor;
				CODE_SIGN_STYLE = Automatic;
				CURRENT_PROJECT_VERSION = 1;
				DEVELOPMENT_TEAM = RK3JJD2BZC;
				ENABLE_PREVIEWS = YES;
				GENERATE_INFOPLIST_FILE = YES;
				INFOPLIST_FILE = P2PTicTacToe/Info.plist;
				INFOPLIST_KEY_UIApplicationSceneManifest_Generation = YES;
				INFOPLIST_KEY_UIApplicationSupportsIndirectInputEvents = YES;
				INFOPLIST_KEY_UILaunchScreen_Generation = YES;
				INFOPLIST_KEY_UISupportedInterfaceOrientations_iPad = "UIInterfaceOrientationPortrait UIInterfaceOrientationPortraitUpsideDown UIInterfaceOrientationLandscapeLeft UIInterfaceOrientationLandscapeRight";
				INFOPLIST_KEY_UISupportedInterfaceOrientations_iPhone = "UIInterfaceOrientationPortrait UIInterfaceOrientationLandscapeLeft UIInterfaceOrientationLandscapeRight";
				IPHONEOS_DEPLOYMENT_TARGET = 17.0;
				LD_RUNPATH_SEARCH_PATHS = (
					"$(inherited)",
					"@executable_path/Frameworks",
				);
				MARKETING_VERSION = 1.0;
				PRODUCT_BUNDLE_IDENTIFIER = com.2025C4M4.P2PTicTacToe;
				PRODUCT_NAME = "$(TARGET_NAME)";
				SWIFT_EMIT_LOC_STRINGS = YES;
				SWIFT_VERSION = 5.0;
				TARGETED_DEVICE_FAMILY = "1,2";
			};
			name = Debug;
		};
		B51614EA2E2491D1003D8BBB /* Release */ = {
			isa = XCBuildConfiguration;
			buildSettings = {
				ASSETCATALOG_COMPILER_APPICON_NAME = AppIcon;
				ASSETCATALOG_COMPILER_GLOBAL_ACCENT_COLOR_NAME = AccentColor;
				CODE_SIGN_STYLE = Automatic;
				CURRENT_PROJECT_VERSION = 1;
				DEVELOPMENT_TEAM = RK3JJD2BZC;
				ENABLE_PREVIEWS = YES;
				GENERATE_INFOPLIST_FILE = YES;
				INFOPLIST_FILE = P2PTicTacToe/Info.plist;
				INFOPLIST_KEY_UIApplicationSceneManifest_Generation = YES;
				INFOPLIST_KEY_UIApplicationSupportsIndirectInputEvents = YES;
				INFOPLIST_KEY_UILaunchScreen_Generation = YES;
				INFOPLIST_KEY_UISupportedInterfaceOrientations_iPad = "UIInterfaceOrientationPortrait UIInterfaceOrientationPortraitUpsideDown UIInterfaceOrientationLandscapeLeft UIInterfaceOrientationLandscapeRight";
				INFOPLIST_KEY_UISupportedInterfaceOrientations_iPhone = "UIInterfaceOrientationPortrait UIInterfaceOrientationLandscapeLeft UIInterfaceOrientationLandscapeRight";
				IPHONEOS_DEPLOYMENT_TARGET = 17.0;
				LD_RUNPATH_SEARCH_PATHS = (
					"$(inherited)",
					"@executable_path/Frameworks",
				);
				MARKETING_VERSION = 1.0;
				PRODUCT_BUNDLE_IDENTIFIER = com.2025C4M4.P2PTicTacToe;
				PRODUCT_NAME = "$(TARGET_NAME)";
				SWIFT_EMIT_LOC_STRINGS = YES;
				SWIFT_VERSION = 5.0;
				TARGETED_DEVICE_FAMILY = "1,2";
			};
			name = Release;
		};
		B525634B2E1E133700CCDEFC /* Debug */ = {
			isa = XCBuildConfiguration;
			buildSettings = {
				ALWAYS_SEARCH_USER_PATHS = NO;
				ASSETCATALOG_COMPILER_GENERATE_SWIFT_ASSET_SYMBOL_EXTENSIONS = YES;
				CLANG_ANALYZER_NONNULL = YES;
				CLANG_ANALYZER_NUMBER_OBJECT_CONVERSION = YES_AGGRESSIVE;
				CLANG_CXX_LANGUAGE_STANDARD = "gnu++20";
				CLANG_ENABLE_MODULES = YES;
				CLANG_ENABLE_OBJC_ARC = YES;
				CLANG_ENABLE_OBJC_WEAK = YES;
				CLANG_WARN_BLOCK_CAPTURE_AUTORELEASING = YES;
				CLANG_WARN_BOOL_CONVERSION = YES;
				CLANG_WARN_COMMA = YES;
				CLANG_WARN_CONSTANT_CONVERSION = YES;
				CLANG_WARN_DEPRECATED_OBJC_IMPLEMENTATIONS = YES;
				CLANG_WARN_DIRECT_OBJC_ISA_USAGE = YES_ERROR;
				CLANG_WARN_DOCUMENTATION_COMMENTS = YES;
				CLANG_WARN_EMPTY_BODY = YES;
				CLANG_WARN_ENUM_CONVERSION = YES;
				CLANG_WARN_INFINITE_RECURSION = YES;
				CLANG_WARN_INT_CONVERSION = YES;
				CLANG_WARN_NON_LITERAL_NULL_CONVERSION = YES;
				CLANG_WARN_OBJC_IMPLICIT_RETAIN_SELF = YES;
				CLANG_WARN_OBJC_LITERAL_CONVERSION = YES;
				CLANG_WARN_OBJC_ROOT_CLASS = YES_ERROR;
				CLANG_WARN_QUOTED_INCLUDE_IN_FRAMEWORK_HEADER = YES;
				CLANG_WARN_RANGE_LOOP_ANALYSIS = YES;
				CLANG_WARN_STRICT_PROTOTYPES = YES;
				CLANG_WARN_SUSPICIOUS_MOVE = YES;
				CLANG_WARN_UNGUARDED_AVAILABILITY = YES_AGGRESSIVE;
				CLANG_WARN_UNREACHABLE_CODE = YES;
				CLANG_WARN__DUPLICATE_METHOD_MATCH = YES;
				COPY_PHASE_STRIP = NO;
				DEBUG_INFORMATION_FORMAT = dwarf;
				ENABLE_STRICT_OBJC_MSGSEND = YES;
				ENABLE_TESTABILITY = YES;
				ENABLE_USER_SCRIPT_SANDBOXING = YES;
				GCC_C_LANGUAGE_STANDARD = gnu17;
				GCC_DYNAMIC_NO_PIC = NO;
				GCC_NO_COMMON_BLOCKS = YES;
				GCC_OPTIMIZATION_LEVEL = 0;
				GCC_PREPROCESSOR_DEFINITIONS = (
					"DEBUG=1",
					"$(inherited)",
				);
				GCC_WARN_64_TO_32_BIT_CONVERSION = YES;
				GCC_WARN_ABOUT_RETURN_TYPE = YES_ERROR;
				GCC_WARN_UNDECLARED_SELECTOR = YES;
				GCC_WARN_UNINITIALIZED_AUTOS = YES_AGGRESSIVE;
				GCC_WARN_UNUSED_FUNCTION = YES;
				GCC_WARN_UNUSED_VARIABLE = YES;
				IPHONEOS_DEPLOYMENT_TARGET = 18.4;
				LOCALIZATION_PREFERS_STRING_CATALOGS = YES;
				MTL_ENABLE_DEBUG_INFO = INCLUDE_SOURCE;
				MTL_FAST_MATH = YES;
				ONLY_ACTIVE_ARCH = YES;
				SDKROOT = iphoneos;
				SWIFT_ACTIVE_COMPILATION_CONDITIONS = "DEBUG $(inherited)";
				SWIFT_OPTIMIZATION_LEVEL = "-Onone";
			};
			name = Debug;
		};
		B525634C2E1E133700CCDEFC /* Release */ = {
			isa = XCBuildConfiguration;
			buildSettings = {
				ALWAYS_SEARCH_USER_PATHS = NO;
				ASSETCATALOG_COMPILER_GENERATE_SWIFT_ASSET_SYMBOL_EXTENSIONS = YES;
				CLANG_ANALYZER_NONNULL = YES;
				CLANG_ANALYZER_NUMBER_OBJECT_CONVERSION = YES_AGGRESSIVE;
				CLANG_CXX_LANGUAGE_STANDARD = "gnu++20";
				CLANG_ENABLE_MODULES = YES;
				CLANG_ENABLE_OBJC_ARC = YES;
				CLANG_ENABLE_OBJC_WEAK = YES;
				CLANG_WARN_BLOCK_CAPTURE_AUTORELEASING = YES;
				CLANG_WARN_BOOL_CONVERSION = YES;
				CLANG_WARN_COMMA = YES;
				CLANG_WARN_CONSTANT_CONVERSION = YES;
				CLANG_WARN_DEPRECATED_OBJC_IMPLEMENTATIONS = YES;
				CLANG_WARN_DIRECT_OBJC_ISA_USAGE = YES_ERROR;
				CLANG_WARN_DOCUMENTATION_COMMENTS = YES;
				CLANG_WARN_EMPTY_BODY = YES;
				CLANG_WARN_ENUM_CONVERSION = YES;
				CLANG_WARN_INFINITE_RECURSION = YES;
				CLANG_WARN_INT_CONVERSION = YES;
				CLANG_WARN_NON_LITERAL_NULL_CONVERSION = YES;
				CLANG_WARN_OBJC_IMPLICIT_RETAIN_SELF = YES;
				CLANG_WARN_OBJC_LITERAL_CONVERSION = YES;
				CLANG_WARN_OBJC_ROOT_CLASS = YES_ERROR;
				CLANG_WARN_QUOTED_INCLUDE_IN_FRAMEWORK_HEADER = YES;
				CLANG_WARN_RANGE_LOOP_ANALYSIS = YES;
				CLANG_WARN_STRICT_PROTOTYPES = YES;
				CLANG_WARN_SUSPICIOUS_MOVE = YES;
				CLANG_WARN_UNGUARDED_AVAILABILITY = YES_AGGRESSIVE;
				CLANG_WARN_UNREACHABLE_CODE = YES;
				CLANG_WARN__DUPLICATE_METHOD_MATCH = YES;
				COPY_PHASE_STRIP = NO;
				DEBUG_INFORMATION_FORMAT = "dwarf-with-dsym";
				ENABLE_NS_ASSERTIONS = NO;
				ENABLE_STRICT_OBJC_MSGSEND = YES;
				ENABLE_USER_SCRIPT_SANDBOXING = YES;
				GCC_C_LANGUAGE_STANDARD = gnu17;
				GCC_NO_COMMON_BLOCKS = YES;
				GCC_WARN_64_TO_32_BIT_CONVERSION = YES;
				GCC_WARN_ABOUT_RETURN_TYPE = YES_ERROR;
				GCC_WARN_UNDECLARED_SELECTOR = YES;
				GCC_WARN_UNINITIALIZED_AUTOS = YES_AGGRESSIVE;
				GCC_WARN_UNUSED_FUNCTION = YES;
				GCC_WARN_UNUSED_VARIABLE = YES;
				IPHONEOS_DEPLOYMENT_TARGET = 18.4;
				LOCALIZATION_PREFERS_STRING_CATALOGS = YES;
				MTL_ENABLE_DEBUG_INFO = NO;
				MTL_FAST_MATH = YES;
				SDKROOT = iphoneos;
				SWIFT_COMPILATION_MODE = wholemodule;
				VALIDATE_PRODUCT = YES;
			};
			name = Release;
		};
		B525634E2E1E133700CCDEFC /* Debug */ = {
			isa = XCBuildConfiguration;
			buildSettings = {
				ASSETCATALOG_COMPILER_APPICON_NAME = AppIcon;
				ASSETCATALOG_COMPILER_GLOBAL_ACCENT_COLOR_NAME = AccentColor;
				CODE_SIGN_STYLE = Automatic;
				CURRENT_PROJECT_VERSION = 1;
				ENABLE_PREVIEWS = YES;
				ENABLE_USER_SCRIPT_SANDBOXING = NO;
				GENERATE_INFOPLIST_FILE = YES;
				INFOPLIST_KEY_UIApplicationSceneManifest_Generation = YES;
				INFOPLIST_KEY_UIApplicationSupportsIndirectInputEvents = YES;
				INFOPLIST_KEY_UILaunchScreen_Generation = YES;
				INFOPLIST_KEY_UISupportedInterfaceOrientations_iPad = "UIInterfaceOrientationPortrait UIInterfaceOrientationPortraitUpsideDown UIInterfaceOrientationLandscapeLeft UIInterfaceOrientationLandscapeRight";
				INFOPLIST_KEY_UISupportedInterfaceOrientations_iPhone = "UIInterfaceOrientationPortrait UIInterfaceOrientationLandscapeLeft UIInterfaceOrientationLandscapeRight";
				LD_RUNPATH_SEARCH_PATHS = (
					"$(inherited)",
					"@executable_path/Frameworks",
				);
				MARKETING_VERSION = 1.0;
				PRODUCT_BUNDLE_IDENTIFIER = com.2025C4M4.Saboteur;
				PRODUCT_NAME = "$(TARGET_NAME)";
				SWIFT_EMIT_LOC_STRINGS = YES;
				SWIFT_VERSION = 5.0;
				TARGETED_DEVICE_FAMILY = "1,2";
			};
			name = Debug;
		};
		B525634F2E1E133700CCDEFC /* Release */ = {
			isa = XCBuildConfiguration;
			buildSettings = {
				ASSETCATALOG_COMPILER_APPICON_NAME = AppIcon;
				ASSETCATALOG_COMPILER_GLOBAL_ACCENT_COLOR_NAME = AccentColor;
				CODE_SIGN_STYLE = Automatic;
				CURRENT_PROJECT_VERSION = 1;
				ENABLE_PREVIEWS = YES;
				ENABLE_USER_SCRIPT_SANDBOXING = NO;
				GENERATE_INFOPLIST_FILE = YES;
				INFOPLIST_KEY_UIApplicationSceneManifest_Generation = YES;
				INFOPLIST_KEY_UIApplicationSupportsIndirectInputEvents = YES;
				INFOPLIST_KEY_UILaunchScreen_Generation = YES;
				INFOPLIST_KEY_UISupportedInterfaceOrientations_iPad = "UIInterfaceOrientationPortrait UIInterfaceOrientationPortraitUpsideDown UIInterfaceOrientationLandscapeLeft UIInterfaceOrientationLandscapeRight";
				INFOPLIST_KEY_UISupportedInterfaceOrientations_iPhone = "UIInterfaceOrientationPortrait UIInterfaceOrientationLandscapeLeft UIInterfaceOrientationLandscapeRight";
				LD_RUNPATH_SEARCH_PATHS = (
					"$(inherited)",
					"@executable_path/Frameworks",
				);
				MARKETING_VERSION = 1.0;
				PRODUCT_BUNDLE_IDENTIFIER = com.2025C4M4.Saboteur;
				PRODUCT_NAME = "$(TARGET_NAME)";
				SWIFT_EMIT_LOC_STRINGS = YES;
				SWIFT_VERSION = 5.0;
				TARGETED_DEVICE_FAMILY = "1,2";
			};
			name = Release;
		};
		B52563512E1E133700CCDEFC /* Debug */ = {
			isa = XCBuildConfiguration;
			buildSettings = {
				BUNDLE_LOADER = "$(TEST_HOST)";
				CODE_SIGN_STYLE = Automatic;
				CURRENT_PROJECT_VERSION = 1;
				GENERATE_INFOPLIST_FILE = YES;
				IPHONEOS_DEPLOYMENT_TARGET = 18.4;
				MARKETING_VERSION = 1.0;
				PRODUCT_BUNDLE_IDENTIFIER = com.2025C4M4.SaboteurTests;
				PRODUCT_NAME = "$(TARGET_NAME)";
				SWIFT_EMIT_LOC_STRINGS = NO;
				SWIFT_VERSION = 5.0;
				TARGETED_DEVICE_FAMILY = "1,2";
				TEST_HOST = "$(BUILT_PRODUCTS_DIR)/Saboteur.app/$(BUNDLE_EXECUTABLE_FOLDER_PATH)/Saboteur";
			};
			name = Debug;
		};
		B52563522E1E133700CCDEFC /* Release */ = {
			isa = XCBuildConfiguration;
			buildSettings = {
				BUNDLE_LOADER = "$(TEST_HOST)";
				CODE_SIGN_STYLE = Automatic;
				CURRENT_PROJECT_VERSION = 1;
				GENERATE_INFOPLIST_FILE = YES;
				IPHONEOS_DEPLOYMENT_TARGET = 18.4;
				MARKETING_VERSION = 1.0;
				PRODUCT_BUNDLE_IDENTIFIER = com.2025C4M4.SaboteurTests;
				PRODUCT_NAME = "$(TARGET_NAME)";
				SWIFT_EMIT_LOC_STRINGS = NO;
				SWIFT_VERSION = 5.0;
				TARGETED_DEVICE_FAMILY = "1,2";
				TEST_HOST = "$(BUILT_PRODUCTS_DIR)/Saboteur.app/$(BUNDLE_EXECUTABLE_FOLDER_PATH)/Saboteur";
			};
			name = Release;
		};
		B52563542E1E133700CCDEFC /* Debug */ = {
			isa = XCBuildConfiguration;
			buildSettings = {
				CODE_SIGN_STYLE = Automatic;
				CURRENT_PROJECT_VERSION = 1;
				GENERATE_INFOPLIST_FILE = YES;
				MARKETING_VERSION = 1.0;
				PRODUCT_BUNDLE_IDENTIFIER = com.2025C4M4.SaboteurUITests;
				PRODUCT_NAME = "$(TARGET_NAME)";
				SWIFT_EMIT_LOC_STRINGS = NO;
				SWIFT_VERSION = 5.0;
				TARGETED_DEVICE_FAMILY = "1,2";
				TEST_TARGET_NAME = Saboteur;
			};
			name = Debug;
		};
		B52563552E1E133700CCDEFC /* Release */ = {
			isa = XCBuildConfiguration;
			buildSettings = {
				CODE_SIGN_STYLE = Automatic;
				CURRENT_PROJECT_VERSION = 1;
				GENERATE_INFOPLIST_FILE = YES;
				MARKETING_VERSION = 1.0;
				PRODUCT_BUNDLE_IDENTIFIER = com.2025C4M4.SaboteurUITests;
				PRODUCT_NAME = "$(TARGET_NAME)";
				SWIFT_EMIT_LOC_STRINGS = NO;
				SWIFT_VERSION = 5.0;
				TARGETED_DEVICE_FAMILY = "1,2";
				TEST_TARGET_NAME = Saboteur;
			};
			name = Release;
		};
		B55D1C4A2E24A7D600DECE90 /* Debug */ = {
			isa = XCBuildConfiguration;
			buildSettings = {
				CODE_SIGN_STYLE = Automatic;
				DEVELOPMENT_TEAM = RK3JJD2BZC;
				ENABLE_HARDENED_RUNTIME = YES;
				MACOSX_DEPLOYMENT_TARGET = 15.4;
				PRODUCT_NAME = "$(TARGET_NAME)";
				SDKROOT = macosx;
				SWIFT_VERSION = 5.0;
			};
			name = Debug;
		};
		B55D1C4B2E24A7D600DECE90 /* Release */ = {
			isa = XCBuildConfiguration;
			buildSettings = {
				CODE_SIGN_STYLE = Automatic;
				DEVELOPMENT_TEAM = RK3JJD2BZC;
				ENABLE_HARDENED_RUNTIME = YES;
				MACOSX_DEPLOYMENT_TARGET = 15.4;
				PRODUCT_NAME = "$(TARGET_NAME)";
				SDKROOT = macosx;
				SWIFT_VERSION = 5.0;
			};
			name = Release;
		};
/* End XCBuildConfiguration section */

/* Begin XCConfigurationList section */
		B51614EB2E2491D1003D8BBB /* Build configuration list for PBXNativeTarget "P2PTicTacToe" */ = {
			isa = XCConfigurationList;
			buildConfigurations = (
				B51614E92E2491D1003D8BBB /* Debug */,
				B51614EA2E2491D1003D8BBB /* Release */,
			);
			defaultConfigurationIsVisible = 0;
			defaultConfigurationName = Release;
		};
		B52563252E1E133600CCDEFC /* Build configuration list for PBXProject "Saboteur" */ = {
			isa = XCConfigurationList;
			buildConfigurations = (
				B525634B2E1E133700CCDEFC /* Debug */,
				B525634C2E1E133700CCDEFC /* Release */,
			);
			defaultConfigurationIsVisible = 0;
			defaultConfigurationName = Release;
		};
		B525634D2E1E133700CCDEFC /* Build configuration list for PBXNativeTarget "Saboteur" */ = {
			isa = XCConfigurationList;
			buildConfigurations = (
				B525634E2E1E133700CCDEFC /* Debug */,
				B525634F2E1E133700CCDEFC /* Release */,
			);
			defaultConfigurationIsVisible = 0;
			defaultConfigurationName = Release;
		};
		B52563502E1E133700CCDEFC /* Build configuration list for PBXNativeTarget "SaboteurTests" */ = {
			isa = XCConfigurationList;
			buildConfigurations = (
				B52563512E1E133700CCDEFC /* Debug */,
				B52563522E1E133700CCDEFC /* Release */,
			);
			defaultConfigurationIsVisible = 0;
			defaultConfigurationName = Release;
		};
		B52563532E1E133700CCDEFC /* Build configuration list for PBXNativeTarget "SaboteurUITests" */ = {
			isa = XCConfigurationList;
			buildConfigurations = (
				B52563542E1E133700CCDEFC /* Debug */,
				B52563552E1E133700CCDEFC /* Release */,
			);
			defaultConfigurationIsVisible = 0;
			defaultConfigurationName = Release;
		};
		B55D1C492E24A7D600DECE90 /* Build configuration list for PBXNativeTarget "GameEngine" */ = {
			isa = XCConfigurationList;
			buildConfigurations = (
				B55D1C4A2E24A7D600DECE90 /* Debug */,
				B55D1C4B2E24A7D600DECE90 /* Release */,
			);
			defaultConfigurationIsVisible = 0;
			defaultConfigurationName = Release;
		};
/* End XCConfigurationList section */

/* Begin XCLocalSwiftPackageReference section */
		B55D1C3E2E24A71E00DECE90 /* XCLocalSwiftPackageReference "../P2PKit" */ = {
			isa = XCLocalSwiftPackageReference;
			relativePath = ../P2PKit;
		};
/* End XCLocalSwiftPackageReference section */

/* Begin XCSwiftPackageProductDependency section */
		B55D1C3F2E24A71E00DECE90 /* P2PKit */ = {
			isa = XCSwiftPackageProductDependency;
			productName = P2PKit;
		};
		B569A2732E24A2F400548454 /* P2PKit */ = {
			isa = XCSwiftPackageProductDependency;
			productName = P2PKit;
		};
/* End XCSwiftPackageProductDependency section */
	};
	rootObject = B52563222E1E133600CCDEFC /* Project object */;
}
