// !$*UTF8*$!
{
	archiveVersion = 1;
	classes = {
	};
	objectVersion = 77;
	objects = {

/* Begin PBXBuildFile section */
		8BA19F7D2E25EA75004BF13A /* P2PKit in Frameworks */ = {isa = PBXBuildFile; productRef = 8BA19F7C2E25EA75004BF13A /* P2PKit */; };
		8BCB293E2E2FC6630085688D /* SaboteurKit in Frameworks */ = {isa = PBXBuildFile; productRef = 8BCB293D2E2FC6630085688D /* SaboteurKit */; };
		8BCB2B482E2FD9D10085688D /* SaboteurKit in Frameworks */ = {isa = PBXBuildFile; productRef = 8BCB2B472E2FD9D10085688D /* SaboteurKit */; };
		8BCCDF962E31B78700906D64 /* SaboteurKit in Frameworks */ = {isa = PBXBuildFile; productRef = 8BCCDF952E31B78700906D64 /* SaboteurKit */; };
		8BCCE0B42E31E11C00906D64 /* SaboteurKit in Frameworks */ = {isa = PBXBuildFile; productRef = 8BCCE0B32E31E11C00906D64 /* SaboteurKit */; };
		8BCCE2AF2E31FA2500906D64 /* SaboteurKit in Frameworks */ = {isa = PBXBuildFile; productRef = 8BCCE2AE2E31FA2500906D64 /* SaboteurKit */; };
		B51719992E2612150034D9AC /* P2PKit in Frameworks */ = {isa = PBXBuildFile; productRef = B51719982E2612150034D9AC /* P2PKit */; };
		B5171AA52E2890DA0034D9AC /* SaboteurKit in Frameworks */ = {isa = PBXBuildFile; productRef = B5171AA42E2890DA0034D9AC /* SaboteurKit */; };
		B5171AA72E2890F30034D9AC /* SaboteurKit in Frameworks */ = {isa = PBXBuildFile; productRef = B5171AA62E2890F30034D9AC /* SaboteurKit */; };
		B5171AF72E2893AA0034D9AC /* SaboteurKit in Frameworks */ = {isa = PBXBuildFile; productRef = B5171AF62E2893AA0034D9AC /* SaboteurKit */; };
		B51F32342E26053300A09119 /* P2PKit.framework in Frameworks */ = {isa = PBXBuildFile; fileRef = B51F322E2E26053300A09119 /* P2PKit.framework */; };
		B51F32352E26053300A09119 /* P2PKit.framework in Embed Frameworks */ = {isa = PBXBuildFile; fileRef = B51F322E2E26053300A09119 /* P2PKit.framework */; settings = {ATTRIBUTES = (CodeSignOnCopy, RemoveHeadersOnCopy, ); }; };
		B55D1CDB2E25194C00DECE90 /* Logging in Frameworks */ = {isa = PBXBuildFile; productRef = B55D1CDA2E25194C00DECE90 /* Logging */; };
/* End PBXBuildFile section */

/* Begin PBXContainerItemProxy section */
		B5171A982E288C110034D9AC /* PBXContainerItemProxy */ = {
			isa = PBXContainerItemProxy;
			containerPortal = B52563222E1E133600CCDEFC /* Project object */;
			proxyType = 1;
			remoteGlobalIDString = B5171A912E288C110034D9AC;
			remoteInfo = SaboteurKit;
		};
		B51F32322E26053300A09119 /* PBXContainerItemProxy */ = {
			isa = PBXContainerItemProxy;
			containerPortal = B52563222E1E133600CCDEFC /* Project object */;
			proxyType = 1;
			remoteGlobalIDString = B51F322D2E26053300A09119;
			remoteInfo = P2PKit;
		};
		B525633A2E1E133700CCDEFC /* PBXContainerItemProxy */ = {
			isa = PBXContainerItemProxy;
			containerPortal = B52563222E1E133600CCDEFC /* Project object */;
			proxyType = 1;
			remoteGlobalIDString = B52563292E1E133600CCDEFC;
			remoteInfo = Saboteur;
		};
		B52563442E1E133700CCDEFC /* PBXContainerItemProxy */ = {
			isa = PBXContainerItemProxy;
			containerPortal = B52563222E1E133600CCDEFC /* Project object */;
			proxyType = 1;
			remoteGlobalIDString = B52563292E1E133600CCDEFC;
			remoteInfo = Saboteur;
		};
/* End PBXContainerItemProxy section */

/* Begin PBXCopyFilesBuildPhase section */
		B51F32362E26053300A09119 /* Embed Frameworks */ = {
			isa = PBXCopyFilesBuildPhase;
			buildActionMask = 2147483647;
			dstPath = "";
			dstSubfolderSpec = 10;
			files = (
				B51F32352E26053300A09119 /* P2PKit.framework in Embed Frameworks */,
			);
			name = "Embed Frameworks";
			runOnlyForDeploymentPostprocessing = 0;
		};
		B55D1C432E24A7D600DECE90 /* CopyFiles */ = {
			isa = PBXCopyFilesBuildPhase;
			buildActionMask = 2147483647;
			dstPath = /usr/share/man/man1/;
			dstSubfolderSpec = 0;
			files = (
			);
			runOnlyForDeploymentPostprocessing = 1;
		};
/* End PBXCopyFilesBuildPhase section */

/* Begin PBXFileReference section */
		B51719962E2610020034D9AC /* P2PKit */ = {isa = PBXFileReference; lastKnownFileType = wrapper; path = P2PKit; sourceTree = "<group>"; };
		B51F322E2E26053300A09119 /* P2PKit.framework */ = {isa = PBXFileReference; explicitFileType = wrapper.framework; includeInIndex = 0; path = P2PKit.framework; sourceTree = BUILT_PRODUCTS_DIR; };
		B525632A2E1E133600CCDEFC /* Saboteur.app */ = {isa = PBXFileReference; explicitFileType = wrapper.application; includeInIndex = 0; path = Saboteur.app; sourceTree = BUILT_PRODUCTS_DIR; };
		B52563392E1E133700CCDEFC /* SaboteurTests.xctest */ = {isa = PBXFileReference; explicitFileType = wrapper.cfbundle; includeInIndex = 0; path = SaboteurTests.xctest; sourceTree = BUILT_PRODUCTS_DIR; };
		B52563432E1E133700CCDEFC /* SaboteurUITests.xctest */ = {isa = PBXFileReference; explicitFileType = wrapper.cfbundle; includeInIndex = 0; path = SaboteurUITests.xctest; sourceTree = BUILT_PRODUCTS_DIR; };
		B55D1C452E24A7D600DECE90 /* GameEngine */ = {isa = PBXFileReference; explicitFileType = "compiled.mach-o.executable"; includeInIndex = 0; path = GameEngine; sourceTree = BUILT_PRODUCTS_DIR; };
		B582F66B2E2894A400A9FEC8 /* SaboteurKit.framework */ = {isa = PBXFileReference; explicitFileType = wrapper.framework; includeInIndex = 0; path = SaboteurKit.framework; sourceTree = BUILT_PRODUCTS_DIR; };
		B582F6B62E2894A400A9FEC8 /* SaboteurKit */ = {isa = PBXFileReference; lastKnownFileType = wrapper; path = SaboteurKit; sourceTree = "<group>"; };
/* End PBXFileReference section */

/* Begin PBXFileSystemSynchronizedBuildFileExceptionSet section */
		8BA19F782E25E7F6004BF13A /* Exceptions for "Saboteur" folder in "Saboteur" target */ = {
			isa = PBXFileSystemSynchronizedBuildFileExceptionSet;
			membershipExceptions = (
				Info.plist,
			);
			target = B52563292E1E133600CCDEFC /* Saboteur */;
		};
/* End PBXFileSystemSynchronizedBuildFileExceptionSet section */

/* Begin PBXFileSystemSynchronizedRootGroup section */
		B525632C2E1E133600CCDEFC /* Saboteur */ = {
			isa = PBXFileSystemSynchronizedRootGroup;
			exceptions = (
				8BA19F782E25E7F6004BF13A /* Exceptions for "Saboteur" folder in "Saboteur" target */,
			);
			path = Saboteur;
			sourceTree = "<group>";
		};
		B525633C2E1E133700CCDEFC /* SaboteurTests */ = {
			isa = PBXFileSystemSynchronizedRootGroup;
			path = SaboteurTests;
			sourceTree = "<group>";
		};
		B52563462E1E133700CCDEFC /* SaboteurUITests */ = {
			isa = PBXFileSystemSynchronizedRootGroup;
			path = SaboteurUITests;
			sourceTree = "<group>";
		};
		B55D1C462E24A7D600DECE90 /* GameEngine */ = {
			isa = PBXFileSystemSynchronizedRootGroup;
			path = GameEngine;
			sourceTree = "<group>";
		};
/* End PBXFileSystemSynchronizedRootGroup section */

/* Begin PBXFrameworksBuildPhase section */
		B5171A8F2E288C110034D9AC /* Frameworks */ = {
			isa = PBXFrameworksBuildPhase;
			buildActionMask = 2147483647;
			files = (
				B5171AA52E2890DA0034D9AC /* SaboteurKit in Frameworks */,
			);
			runOnlyForDeploymentPostprocessing = 0;
		};
		B51F322B2E26053300A09119 /* Frameworks */ = {
			isa = PBXFrameworksBuildPhase;
			buildActionMask = 2147483647;
			files = (
			);
			runOnlyForDeploymentPostprocessing = 0;
		};
		B52563272E1E133600CCDEFC /* Frameworks */ = {
			isa = PBXFrameworksBuildPhase;
			buildActionMask = 2147483647;
			files = (
				8BCCE0B42E31E11C00906D64 /* SaboteurKit in Frameworks */,
				8BCCE2AF2E31FA2500906D64 /* SaboteurKit in Frameworks */,
				B51719992E2612150034D9AC /* P2PKit in Frameworks */,
				B51F32342E26053300A09119 /* P2PKit.framework in Frameworks */,
				8BA19F7D2E25EA75004BF13A /* P2PKit in Frameworks */,
				B55D1CDB2E25194C00DECE90 /* Logging in Frameworks */,
				8BCCDF962E31B78700906D64 /* SaboteurKit in Frameworks */,
				8BCB2B482E2FD9D10085688D /* SaboteurKit in Frameworks */,
				8BCB293E2E2FC6630085688D /* SaboteurKit in Frameworks */,
			);
			runOnlyForDeploymentPostprocessing = 0;
		};
		B52563362E1E133700CCDEFC /* Frameworks */ = {
			isa = PBXFrameworksBuildPhase;
			buildActionMask = 2147483647;
			files = (
			);
			runOnlyForDeploymentPostprocessing = 0;
		};
		B52563402E1E133700CCDEFC /* Frameworks */ = {
			isa = PBXFrameworksBuildPhase;
			buildActionMask = 2147483647;
			files = (
			);
			runOnlyForDeploymentPostprocessing = 0;
		};
		B55D1C422E24A7D600DECE90 /* Frameworks */ = {
			isa = PBXFrameworksBuildPhase;
			buildActionMask = 2147483647;
			files = (
				B5171AF72E2893AA0034D9AC /* SaboteurKit in Frameworks */,
				B5171AA72E2890F30034D9AC /* SaboteurKit in Frameworks */,
			);
			runOnlyForDeploymentPostprocessing = 0;
		};
/* End PBXFrameworksBuildPhase section */

/* Begin PBXGroup section */
		B52563212E1E133600CCDEFC = {
			isa = PBXGroup;
			children = (
				B51719962E2610020034D9AC /* P2PKit */,
				B525632C2E1E133600CCDEFC /* Saboteur */,
				B525633C2E1E133700CCDEFC /* SaboteurTests */,
				B52563462E1E133700CCDEFC /* SaboteurUITests */,
				B55D1C462E24A7D600DECE90 /* GameEngine */,
				B525632B2E1E133600CCDEFC /* Products */,
				B582F6B62E2894A400A9FEC8 /* SaboteurKit */,
			);
			sourceTree = "<group>";
		};
		B525632B2E1E133600CCDEFC /* Products */ = {
			isa = PBXGroup;
			children = (
				B525632A2E1E133600CCDEFC /* Saboteur.app */,
				B52563392E1E133700CCDEFC /* SaboteurTests.xctest */,
				B52563432E1E133700CCDEFC /* SaboteurUITests.xctest */,
				B55D1C452E24A7D600DECE90 /* GameEngine */,
				B51F322E2E26053300A09119 /* P2PKit.framework */,
				B582F66B2E2894A400A9FEC8 /* SaboteurKit.framework */,
			);
			name = Products;
			sourceTree = "<group>";
		};
/* End PBXGroup section */

/* Begin PBXHeadersBuildPhase section */
		B5171A8D2E288C110034D9AC /* Headers */ = {
			isa = PBXHeadersBuildPhase;
			buildActionMask = 2147483647;
			files = (
			);
			runOnlyForDeploymentPostprocessing = 0;
		};
		B51F32292E26053300A09119 /* Headers */ = {
			isa = PBXHeadersBuildPhase;
			buildActionMask = 2147483647;
			files = (
			);
			runOnlyForDeploymentPostprocessing = 0;
		};
/* End PBXHeadersBuildPhase section */

/* Begin PBXNativeTarget section */
		B5171A912E288C110034D9AC /* SaboteurKit */ = {
			isa = PBXNativeTarget;
			buildConfigurationList = B5171A9C2E288C110034D9AC /* Build configuration list for PBXNativeTarget "SaboteurKit" */;
			buildPhases = (
				B5171A8D2E288C110034D9AC /* Headers */,
				B5171A8E2E288C110034D9AC /* Sources */,
				B5171A8F2E288C110034D9AC /* Frameworks */,
				B5171A902E288C110034D9AC /* Resources */,
			);
			buildRules = (
			);
			dependencies = (
			);
			name = SaboteurKit;
			packageProductDependencies = (
				B5171AA42E2890DA0034D9AC /* SaboteurKit */,
			);
			productName = SaboteurKit;
			productReference = B582F66B2E2894A400A9FEC8 /* SaboteurKit.framework */;
			productType = "com.apple.product-type.framework";
		};
		B51F322D2E26053300A09119 /* P2PKit */ = {
			isa = PBXNativeTarget;
			buildConfigurationList = B51F32392E26053300A09119 /* Build configuration list for PBXNativeTarget "P2PKit" */;
			buildPhases = (
				B51F32292E26053300A09119 /* Headers */,
				B51F322A2E26053300A09119 /* Sources */,
				B51F322B2E26053300A09119 /* Frameworks */,
				B51F322C2E26053300A09119 /* Resources */,
			);
			buildRules = (
			);
			dependencies = (
			);
			name = P2PKit;
			packageProductDependencies = (
			);
			productName = P2PKit;
			productReference = B51F322E2E26053300A09119 /* P2PKit.framework */;
			productType = "com.apple.product-type.framework";
		};
		B52563292E1E133600CCDEFC /* Saboteur */ = {
			isa = PBXNativeTarget;
			buildConfigurationList = B525634D2E1E133700CCDEFC /* Build configuration list for PBXNativeTarget "Saboteur" */;
			buildPhases = (
				B52563582E1E160200CCDEFC /* SwiftFormat Script */,
				B52563562E1E155F00CCDEFC /* SwiftLint Script */,
				B52563262E1E133600CCDEFC /* Sources */,
				B52563272E1E133600CCDEFC /* Frameworks */,
				B52563282E1E133600CCDEFC /* Resources */,
				B51F32362E26053300A09119 /* Embed Frameworks */,
			);
			buildRules = (
			);
			dependencies = (
				B51F32332E26053300A09119 /* PBXTargetDependency */,
				B5171A992E288C110034D9AC /* PBXTargetDependency */,
			);
			fileSystemSynchronizedGroups = (
				B525632C2E1E133600CCDEFC /* Saboteur */,
			);
			name = Saboteur;
			packageProductDependencies = (
				B55D1CDA2E25194C00DECE90 /* Logging */,
				8BA19F7C2E25EA75004BF13A /* P2PKit */,
				B51719982E2612150034D9AC /* P2PKit */,
				8BCB293D2E2FC6630085688D /* SaboteurKit */,
				8BCB2B472E2FD9D10085688D /* SaboteurKit */,
				8BCCDF952E31B78700906D64 /* SaboteurKit */,
				8BCCE0B32E31E11C00906D64 /* SaboteurKit */,
				8BCCE2AE2E31FA2500906D64 /* SaboteurKit */,
			);
			productName = Saboteur;
			productReference = B525632A2E1E133600CCDEFC /* Saboteur.app */;
			productType = "com.apple.product-type.application";
		};
		B52563382E1E133700CCDEFC /* SaboteurTests */ = {
			isa = PBXNativeTarget;
			buildConfigurationList = B52563502E1E133700CCDEFC /* Build configuration list for PBXNativeTarget "SaboteurTests" */;
			buildPhases = (
				B52563352E1E133700CCDEFC /* Sources */,
				B52563362E1E133700CCDEFC /* Frameworks */,
				B52563372E1E133700CCDEFC /* Resources */,
			);
			buildRules = (
			);
			dependencies = (
				B525633B2E1E133700CCDEFC /* PBXTargetDependency */,
			);
			fileSystemSynchronizedGroups = (
				B525633C2E1E133700CCDEFC /* SaboteurTests */,
			);
			name = SaboteurTests;
			packageProductDependencies = (
			);
			productName = SaboteurTests;
			productReference = B52563392E1E133700CCDEFC /* SaboteurTests.xctest */;
			productType = "com.apple.product-type.bundle.unit-test";
		};
		B52563422E1E133700CCDEFC /* SaboteurUITests */ = {
			isa = PBXNativeTarget;
			buildConfigurationList = B52563532E1E133700CCDEFC /* Build configuration list for PBXNativeTarget "SaboteurUITests" */;
			buildPhases = (
				B525633F2E1E133700CCDEFC /* Sources */,
				B52563402E1E133700CCDEFC /* Frameworks */,
				B52563412E1E133700CCDEFC /* Resources */,
			);
			buildRules = (
			);
			dependencies = (
				B52563452E1E133700CCDEFC /* PBXTargetDependency */,
			);
			fileSystemSynchronizedGroups = (
				B52563462E1E133700CCDEFC /* SaboteurUITests */,
			);
			name = SaboteurUITests;
			packageProductDependencies = (
			);
			productName = SaboteurUITests;
			productReference = B52563432E1E133700CCDEFC /* SaboteurUITests.xctest */;
			productType = "com.apple.product-type.bundle.ui-testing";
		};
		B55D1C442E24A7D600DECE90 /* GameEngine */ = {
			isa = PBXNativeTarget;
			buildConfigurationList = B55D1C492E24A7D600DECE90 /* Build configuration list for PBXNativeTarget "GameEngine" */;
			buildPhases = (
				B55D1C412E24A7D600DECE90 /* Sources */,
				B55D1C422E24A7D600DECE90 /* Frameworks */,
				B55D1C432E24A7D600DECE90 /* CopyFiles */,
			);
			buildRules = (
			);
			dependencies = (
			);
			fileSystemSynchronizedGroups = (
				B55D1C462E24A7D600DECE90 /* GameEngine */,
			);
			name = GameEngine;
			packageProductDependencies = (
				B5171AA62E2890F30034D9AC /* SaboteurKit */,
				B5171AF62E2893AA0034D9AC /* SaboteurKit */,
			);
			productName = GameEngine;
			productReference = B55D1C452E24A7D600DECE90 /* GameEngine */;
			productType = "com.apple.product-type.tool";
		};
/* End PBXNativeTarget section */

/* Begin PBXProject section */
		B52563222E1E133600CCDEFC /* Project object */ = {
			isa = PBXProject;
			attributes = {
				BuildIndependentTargetsInParallel = 1;
				LastSwiftUpdateCheck = 1630;
				LastUpgradeCheck = 1630;
				TargetAttributes = {
					B5171A912E288C110034D9AC = {
						CreatedOnToolsVersion = 16.3;
					};
					B51F322D2E26053300A09119 = {
						CreatedOnToolsVersion = 16.3;
					};
					B52563292E1E133600CCDEFC = {
						CreatedOnToolsVersion = 16.3;
					};
					B52563382E1E133700CCDEFC = {
						CreatedOnToolsVersion = 16.3;
						TestTargetID = B52563292E1E133600CCDEFC;
					};
					B52563422E1E133700CCDEFC = {
						CreatedOnToolsVersion = 16.3;
						TestTargetID = B52563292E1E133600CCDEFC;
					};
					B55D1C442E24A7D600DECE90 = {
						CreatedOnToolsVersion = 16.3;
					};
				};
			};
			buildConfigurationList = B52563252E1E133600CCDEFC /* Build configuration list for PBXProject "Saboteur" */;
			developmentRegion = en;
			hasScannedForEncodings = 0;
			knownRegions = (
				en,
				Base,
			);
			mainGroup = B52563212E1E133600CCDEFC;
			minimizedProjectReferenceProxies = 1;
			packageReferences = (
				B55D1CD92E25194C00DECE90 /* XCRemoteSwiftPackageReference "swift-log" */,
				B51719972E2610870034D9AC /* XCLocalSwiftPackageReference "P2PKit" */,
				8BCCE2AD2E31FA2500906D64 /* XCLocalSwiftPackageReference "SaboteurKit" */,
			);
			preferredProjectObjectVersion = 77;
			productRefGroup = B525632B2E1E133600CCDEFC /* Products */;
			projectDirPath = "";
			projectRoot = "";
			targets = (
				B52563292E1E133600CCDEFC /* Saboteur */,
				B52563382E1E133700CCDEFC /* SaboteurTests */,
				B52563422E1E133700CCDEFC /* SaboteurUITests */,
				B55D1C442E24A7D600DECE90 /* GameEngine */,
				B51F322D2E26053300A09119 /* P2PKit */,
				B5171A912E288C110034D9AC /* SaboteurKit */,
			);
		};
/* End PBXProject section */

/* Begin PBXResourcesBuildPhase section */
		B5171A902E288C110034D9AC /* Resources */ = {
			isa = PBXResourcesBuildPhase;
			buildActionMask = 2147483647;
			files = (
			);
			runOnlyForDeploymentPostprocessing = 0;
		};
		B51F322C2E26053300A09119 /* Resources */ = {
			isa = PBXResourcesBuildPhase;
			buildActionMask = 2147483647;
			files = (
			);
			runOnlyForDeploymentPostprocessing = 0;
		};
		B52563282E1E133600CCDEFC /* Resources */ = {
			isa = PBXResourcesBuildPhase;
			buildActionMask = 2147483647;
			files = (
			);
			runOnlyForDeploymentPostprocessing = 0;
		};
		B52563372E1E133700CCDEFC /* Resources */ = {
			isa = PBXResourcesBuildPhase;
			buildActionMask = 2147483647;
			files = (
			);
			runOnlyForDeploymentPostprocessing = 0;
		};
		B52563412E1E133700CCDEFC /* Resources */ = {
			isa = PBXResourcesBuildPhase;
			buildActionMask = 2147483647;
			files = (
			);
			runOnlyForDeploymentPostprocessing = 0;
		};
/* End PBXResourcesBuildPhase section */

/* Begin PBXShellScriptBuildPhase section */
		B52563562E1E155F00CCDEFC /* SwiftLint Script */ = {
			isa = PBXShellScriptBuildPhase;
			alwaysOutOfDate = 1;
			buildActionMask = 2147483647;
			files = (
			);
			inputFileListPaths = (
			);
			inputPaths = (
			);
			name = "SwiftLint Script";
			outputFileListPaths = (
			);
			outputPaths = (
			);
			runOnlyForDeploymentPostprocessing = 0;
			shellPath = /bin/sh;
			shellScript = "if [[ \"$(uname -m)\" == arm64 ]]; then\n    export PATH=\"/opt/homebrew/bin:$PATH\"\nfi\n\nif which swiftlint > /dev/null; then\n  swiftlint\nelse\n  echo \"warning: SwiftLint not installed, download from https://github.com/realm/SwiftLint\"\nfi\n";
		};
		B52563582E1E160200CCDEFC /* SwiftFormat Script */ = {
			isa = PBXShellScriptBuildPhase;
			buildActionMask = 2147483647;
			files = (
			);
			inputFileListPaths = (
			);
			inputPaths = (
			);
			name = "SwiftFormat Script";
			outputFileListPaths = (
			);
			outputPaths = (
			);
			runOnlyForDeploymentPostprocessing = 0;
			shellPath = /bin/sh;
			shellScript = "# Type a script or drag a script file from your workspace to insert its path.\nexport PATH=\"$PATH:/opt/homebrew/bin\"\nif which swiftformat > /dev/null; then\n  swiftformat .\nelse\n  echo \"warning: SwiftFormat not installed, download from https://github.com/nicklockwood/SwiftFormat\"\nfi\n";
		};
/* End PBXShellScriptBuildPhase section */

/* Begin PBXSourcesBuildPhase section */
		B5171A8E2E288C110034D9AC /* Sources */ = {
			isa = PBXSourcesBuildPhase;
			buildActionMask = 2147483647;
			files = (
			);
			runOnlyForDeploymentPostprocessing = 0;
		};
		B51F322A2E26053300A09119 /* Sources */ = {
			isa = PBXSourcesBuildPhase;
			buildActionMask = 2147483647;
			files = (
			);
			runOnlyForDeploymentPostprocessing = 0;
		};
		B52563262E1E133600CCDEFC /* Sources */ = {
			isa = PBXSourcesBuildPhase;
			buildActionMask = 2147483647;
			files = (
			);
			runOnlyForDeploymentPostprocessing = 0;
		};
		B52563352E1E133700CCDEFC /* Sources */ = {
			isa = PBXSourcesBuildPhase;
			buildActionMask = 2147483647;
			files = (
			);
			runOnlyForDeploymentPostprocessing = 0;
		};
		B525633F2E1E133700CCDEFC /* Sources */ = {
			isa = PBXSourcesBuildPhase;
			buildActionMask = 2147483647;
			files = (
			);
			runOnlyForDeploymentPostprocessing = 0;
		};
		B55D1C412E24A7D600DECE90 /* Sources */ = {
			isa = PBXSourcesBuildPhase;
			buildActionMask = 2147483647;
			files = (
			);
			runOnlyForDeploymentPostprocessing = 0;
		};
/* End PBXSourcesBuildPhase section */

/* Begin PBXTargetDependency section */
		B5171A992E288C110034D9AC /* PBXTargetDependency */ = {
			isa = PBXTargetDependency;
			target = B5171A912E288C110034D9AC /* SaboteurKit */;
			targetProxy = B5171A982E288C110034D9AC /* PBXContainerItemProxy */;
		};
		B51F32332E26053300A09119 /* PBXTargetDependency */ = {
			isa = PBXTargetDependency;
			target = B51F322D2E26053300A09119 /* P2PKit */;
			targetProxy = B51F32322E26053300A09119 /* PBXContainerItemProxy */;
		};
		B525633B2E1E133700CCDEFC /* PBXTargetDependency */ = {
			isa = PBXTargetDependency;
			target = B52563292E1E133600CCDEFC /* Saboteur */;
			targetProxy = B525633A2E1E133700CCDEFC /* PBXContainerItemProxy */;
		};
		B52563452E1E133700CCDEFC /* PBXTargetDependency */ = {
			isa = PBXTargetDependency;
			target = B52563292E1E133600CCDEFC /* Saboteur */;
			targetProxy = B52563442E1E133700CCDEFC /* PBXContainerItemProxy */;
		};
/* End PBXTargetDependency section */

/* Begin XCBuildConfiguration section */
		B5171A9D2E288C110034D9AC /* Debug */ = {
			isa = XCBuildConfiguration;
			buildSettings = {
				BUILD_LIBRARY_FOR_DISTRIBUTION = YES;
				CODE_SIGN_STYLE = Automatic;
				CURRENT_PROJECT_VERSION = 1;
				DEVELOPMENT_TEAM = 99ML87QN3J;
				DYLIB_COMPATIBILITY_VERSION = 1;
				DYLIB_CURRENT_VERSION = 1;
				DYLIB_INSTALL_NAME_BASE = "@rpath";
				ENABLE_MODULE_VERIFIER = YES;
				GENERATE_INFOPLIST_FILE = YES;
				INFOPLIST_KEY_NSHumanReadableCopyright = "";
				INSTALL_PATH = "$(LOCAL_LIBRARY_DIR)/Frameworks";
				LD_RUNPATH_SEARCH_PATHS = (
					"$(inherited)",
					"@executable_path/Frameworks",
					"@loader_path/Frameworks",
				);
				MARKETING_VERSION = 1.0;
				MODULE_VERIFIER_SUPPORTED_LANGUAGES = "objective-c objective-c++";
				MODULE_VERIFIER_SUPPORTED_LANGUAGE_STANDARDS = "gnu17 gnu++20";
				PRODUCT_BUNDLE_IDENTIFIER = com.2025C4M4.SaboteurKit;
				PRODUCT_NAME = "$(TARGET_NAME:c99extidentifier)";
				SKIP_INSTALL = YES;
				SWIFT_EMIT_LOC_STRINGS = YES;
				SWIFT_INSTALL_MODULE = YES;
				SWIFT_INSTALL_OBJC_HEADER = NO;
				SWIFT_VERSION = 5.0;
				TARGETED_DEVICE_FAMILY = "1,2";
				VERSIONING_SYSTEM = "apple-generic";
				VERSION_INFO_PREFIX = "";
			};
			name = Debug;
		};
		B5171A9E2E288C110034D9AC /* Release */ = {
			isa = XCBuildConfiguration;
			buildSettings = {
				BUILD_LIBRARY_FOR_DISTRIBUTION = YES;
				CODE_SIGN_STYLE = Automatic;
				CURRENT_PROJECT_VERSION = 1;
				DEVELOPMENT_TEAM = 99ML87QN3J;
				DYLIB_COMPATIBILITY_VERSION = 1;
				DYLIB_CURRENT_VERSION = 1;
				DYLIB_INSTALL_NAME_BASE = "@rpath";
				ENABLE_MODULE_VERIFIER = YES;
				GENERATE_INFOPLIST_FILE = YES;
				INFOPLIST_KEY_NSHumanReadableCopyright = "";
				INSTALL_PATH = "$(LOCAL_LIBRARY_DIR)/Frameworks";
				LD_RUNPATH_SEARCH_PATHS = (
					"$(inherited)",
					"@executable_path/Frameworks",
					"@loader_path/Frameworks",
				);
				MARKETING_VERSION = 1.0;
				MODULE_VERIFIER_SUPPORTED_LANGUAGES = "objective-c objective-c++";
				MODULE_VERIFIER_SUPPORTED_LANGUAGE_STANDARDS = "gnu17 gnu++20";
				PRODUCT_BUNDLE_IDENTIFIER = com.2025C4M4.SaboteurKit;
				PRODUCT_NAME = "$(TARGET_NAME:c99extidentifier)";
				SKIP_INSTALL = YES;
				SWIFT_EMIT_LOC_STRINGS = YES;
				SWIFT_INSTALL_MODULE = YES;
				SWIFT_INSTALL_OBJC_HEADER = NO;
				SWIFT_VERSION = 5.0;
				TARGETED_DEVICE_FAMILY = "1,2";
				VERSIONING_SYSTEM = "apple-generic";
				VERSION_INFO_PREFIX = "";
			};
			name = Release;
		};
		B51F32372E26053300A09119 /* Debug */ = {
			isa = XCBuildConfiguration;
			buildSettings = {
				ALLOW_TARGET_PLATFORM_SPECIALIZATION = YES;
				BUILD_LIBRARY_FOR_DISTRIBUTION = YES;
				CODE_SIGN_STYLE = Automatic;
				CURRENT_PROJECT_VERSION = 1;
				DEVELOPMENT_TEAM = 99ML87QN3J;
				DYLIB_COMPATIBILITY_VERSION = 1;
				DYLIB_CURRENT_VERSION = 1;
				DYLIB_INSTALL_NAME_BASE = "@rpath";
				ENABLE_MODULE_VERIFIER = YES;
				GENERATE_INFOPLIST_FILE = YES;
				INFOPLIST_KEY_NSHumanReadableCopyright = "";
				INSTALL_PATH = "$(LOCAL_LIBRARY_DIR)/Frameworks";
				IPHONEOS_DEPLOYMENT_TARGET = 17.6;
				LD_RUNPATH_SEARCH_PATHS = (
					"@executable_path/Frameworks",
					"@loader_path/Frameworks",
				);
				"LD_RUNPATH_SEARCH_PATHS[sdk=macosx*]" = (
					"@executable_path/../Frameworks",
					"@loader_path/Frameworks",
				);
				MACOSX_DEPLOYMENT_TARGET = 15.4;
				MARKETING_VERSION = 1.0;
				MODULE_VERIFIER_SUPPORTED_LANGUAGES = "objective-c objective-c++";
				MODULE_VERIFIER_SUPPORTED_LANGUAGE_STANDARDS = "gnu17 gnu++20";
				PRODUCT_BUNDLE_IDENTIFIER = com.2025C4M4.P2PKit;
				PRODUCT_NAME = "$(TARGET_NAME:c99extidentifier)";
				SDKROOT = auto;
				SKIP_INSTALL = YES;
				SUPPORTED_PLATFORMS = "iphoneos iphonesimulator";
				SUPPORTS_MACCATALYST = NO;
				SWIFT_EMIT_LOC_STRINGS = YES;
				SWIFT_INSTALL_MODULE = YES;
				SWIFT_INSTALL_OBJC_HEADER = NO;
				SWIFT_VERSION = 5.0;
				TARGETED_DEVICE_FAMILY = 1;
				VERSIONING_SYSTEM = "apple-generic";
				VERSION_INFO_PREFIX = "";
				XROS_DEPLOYMENT_TARGET = 2.4;
			};
			name = Debug;
		};
		B51F32382E26053300A09119 /* Release */ = {
			isa = XCBuildConfiguration;
			buildSettings = {
				ALLOW_TARGET_PLATFORM_SPECIALIZATION = YES;
				BUILD_LIBRARY_FOR_DISTRIBUTION = YES;
				CODE_SIGN_STYLE = Automatic;
				CURRENT_PROJECT_VERSION = 1;
				DEVELOPMENT_TEAM = 99ML87QN3J;
				DYLIB_COMPATIBILITY_VERSION = 1;
				DYLIB_CURRENT_VERSION = 1;
				DYLIB_INSTALL_NAME_BASE = "@rpath";
				ENABLE_MODULE_VERIFIER = YES;
				GENERATE_INFOPLIST_FILE = YES;
				INFOPLIST_KEY_NSHumanReadableCopyright = "";
				INSTALL_PATH = "$(LOCAL_LIBRARY_DIR)/Frameworks";
				IPHONEOS_DEPLOYMENT_TARGET = 17.6;
				LD_RUNPATH_SEARCH_PATHS = (
					"@executable_path/Frameworks",
					"@loader_path/Frameworks",
				);
				"LD_RUNPATH_SEARCH_PATHS[sdk=macosx*]" = (
					"@executable_path/../Frameworks",
					"@loader_path/Frameworks",
				);
				MACOSX_DEPLOYMENT_TARGET = 15.4;
				MARKETING_VERSION = 1.0;
				MODULE_VERIFIER_SUPPORTED_LANGUAGES = "objective-c objective-c++";
				MODULE_VERIFIER_SUPPORTED_LANGUAGE_STANDARDS = "gnu17 gnu++20";
				PRODUCT_BUNDLE_IDENTIFIER = com.2025C4M4.P2PKit;
				PRODUCT_NAME = "$(TARGET_NAME:c99extidentifier)";
				SDKROOT = auto;
				SKIP_INSTALL = YES;
				SUPPORTED_PLATFORMS = "iphoneos iphonesimulator";
				SUPPORTS_MACCATALYST = NO;
				SWIFT_EMIT_LOC_STRINGS = YES;
				SWIFT_INSTALL_MODULE = YES;
				SWIFT_INSTALL_OBJC_HEADER = NO;
				SWIFT_VERSION = 5.0;
				TARGETED_DEVICE_FAMILY = 1;
				VERSIONING_SYSTEM = "apple-generic";
				VERSION_INFO_PREFIX = "";
				XROS_DEPLOYMENT_TARGET = 2.4;
			};
			name = Release;
		};
		B525634B2E1E133700CCDEFC /* Debug */ = {
			isa = XCBuildConfiguration;
			buildSettings = {
				ALWAYS_SEARCH_USER_PATHS = NO;
				ASSETCATALOG_COMPILER_GENERATE_SWIFT_ASSET_SYMBOL_EXTENSIONS = YES;
				CLANG_ANALYZER_NONNULL = YES;
				CLANG_ANALYZER_NUMBER_OBJECT_CONVERSION = YES_AGGRESSIVE;
				CLANG_CXX_LANGUAGE_STANDARD = "gnu++20";
				CLANG_ENABLE_MODULES = YES;
				CLANG_ENABLE_OBJC_ARC = YES;
				CLANG_ENABLE_OBJC_WEAK = YES;
				CLANG_WARN_BLOCK_CAPTURE_AUTORELEASING = YES;
				CLANG_WARN_BOOL_CONVERSION = YES;
				CLANG_WARN_COMMA = YES;
				CLANG_WARN_CONSTANT_CONVERSION = YES;
				CLANG_WARN_DEPRECATED_OBJC_IMPLEMENTATIONS = YES;
				CLANG_WARN_DIRECT_OBJC_ISA_USAGE = YES_ERROR;
				CLANG_WARN_DOCUMENTATION_COMMENTS = YES;
				CLANG_WARN_EMPTY_BODY = YES;
				CLANG_WARN_ENUM_CONVERSION = YES;
				CLANG_WARN_INFINITE_RECURSION = YES;
				CLANG_WARN_INT_CONVERSION = YES;
				CLANG_WARN_NON_LITERAL_NULL_CONVERSION = YES;
				CLANG_WARN_OBJC_IMPLICIT_RETAIN_SELF = YES;
				CLANG_WARN_OBJC_LITERAL_CONVERSION = YES;
				CLANG_WARN_OBJC_ROOT_CLASS = YES_ERROR;
				CLANG_WARN_QUOTED_INCLUDE_IN_FRAMEWORK_HEADER = YES;
				CLANG_WARN_RANGE_LOOP_ANALYSIS = YES;
				CLANG_WARN_STRICT_PROTOTYPES = YES;
				CLANG_WARN_SUSPICIOUS_MOVE = YES;
				CLANG_WARN_UNGUARDED_AVAILABILITY = YES_AGGRESSIVE;
				CLANG_WARN_UNREACHABLE_CODE = YES;
				CLANG_WARN__DUPLICATE_METHOD_MATCH = YES;
				COPY_PHASE_STRIP = NO;
				DEBUG_INFORMATION_FORMAT = dwarf;
				ENABLE_STRICT_OBJC_MSGSEND = YES;
				ENABLE_TESTABILITY = YES;
				ENABLE_USER_SCRIPT_SANDBOXING = YES;
				GCC_C_LANGUAGE_STANDARD = gnu17;
				GCC_DYNAMIC_NO_PIC = NO;
				GCC_NO_COMMON_BLOCKS = YES;
				GCC_OPTIMIZATION_LEVEL = 0;
				GCC_PREPROCESSOR_DEFINITIONS = (
					"DEBUG=1",
					"$(inherited)",
				);
				GCC_WARN_64_TO_32_BIT_CONVERSION = YES;
				GCC_WARN_ABOUT_RETURN_TYPE = YES_ERROR;
				GCC_WARN_UNDECLARED_SELECTOR = YES;
				GCC_WARN_UNINITIALIZED_AUTOS = YES_AGGRESSIVE;
				GCC_WARN_UNUSED_FUNCTION = YES;
				GCC_WARN_UNUSED_VARIABLE = YES;
				IPHONEOS_DEPLOYMENT_TARGET = 18.4;
				LOCALIZATION_PREFERS_STRING_CATALOGS = YES;
				MTL_ENABLE_DEBUG_INFO = INCLUDE_SOURCE;
				MTL_FAST_MATH = YES;
				ONLY_ACTIVE_ARCH = YES;
				SDKROOT = iphoneos;
				SWIFT_ACTIVE_COMPILATION_CONDITIONS = "DEBUG $(inherited)";
				SWIFT_OPTIMIZATION_LEVEL = "-Onone";
			};
			name = Debug;
		};
		B525634C2E1E133700CCDEFC /* Release */ = {
			isa = XCBuildConfiguration;
			buildSettings = {
				ALWAYS_SEARCH_USER_PATHS = NO;
				ASSETCATALOG_COMPILER_GENERATE_SWIFT_ASSET_SYMBOL_EXTENSIONS = YES;
				CLANG_ANALYZER_NONNULL = YES;
				CLANG_ANALYZER_NUMBER_OBJECT_CONVERSION = YES_AGGRESSIVE;
				CLANG_CXX_LANGUAGE_STANDARD = "gnu++20";
				CLANG_ENABLE_MODULES = YES;
				CLANG_ENABLE_OBJC_ARC = YES;
				CLANG_ENABLE_OBJC_WEAK = YES;
				CLANG_WARN_BLOCK_CAPTURE_AUTORELEASING = YES;
				CLANG_WARN_BOOL_CONVERSION = YES;
				CLANG_WARN_COMMA = YES;
				CLANG_WARN_CONSTANT_CONVERSION = YES;
				CLANG_WARN_DEPRECATED_OBJC_IMPLEMENTATIONS = YES;
				CLANG_WARN_DIRECT_OBJC_ISA_USAGE = YES_ERROR;
				CLANG_WARN_DOCUMENTATION_COMMENTS = YES;
				CLANG_WARN_EMPTY_BODY = YES;
				CLANG_WARN_ENUM_CONVERSION = YES;
				CLANG_WARN_INFINITE_RECURSION = YES;
				CLANG_WARN_INT_CONVERSION = YES;
				CLANG_WARN_NON_LITERAL_NULL_CONVERSION = YES;
				CLANG_WARN_OBJC_IMPLICIT_RETAIN_SELF = YES;
				CLANG_WARN_OBJC_LITERAL_CONVERSION = YES;
				CLANG_WARN_OBJC_ROOT_CLASS = YES_ERROR;
				CLANG_WARN_QUOTED_INCLUDE_IN_FRAMEWORK_HEADER = YES;
				CLANG_WARN_RANGE_LOOP_ANALYSIS = YES;
				CLANG_WARN_STRICT_PROTOTYPES = YES;
				CLANG_WARN_SUSPICIOUS_MOVE = YES;
				CLANG_WARN_UNGUARDED_AVAILABILITY = YES_AGGRESSIVE;
				CLANG_WARN_UNREACHABLE_CODE = YES;
				CLANG_WARN__DUPLICATE_METHOD_MATCH = YES;
				COPY_PHASE_STRIP = NO;
				DEBUG_INFORMATION_FORMAT = "dwarf-with-dsym";
				ENABLE_NS_ASSERTIONS = NO;
				ENABLE_STRICT_OBJC_MSGSEND = YES;
				ENABLE_USER_SCRIPT_SANDBOXING = YES;
				GCC_C_LANGUAGE_STANDARD = gnu17;
				GCC_NO_COMMON_BLOCKS = YES;
				GCC_WARN_64_TO_32_BIT_CONVERSION = YES;
				GCC_WARN_ABOUT_RETURN_TYPE = YES_ERROR;
				GCC_WARN_UNDECLARED_SELECTOR = YES;
				GCC_WARN_UNINITIALIZED_AUTOS = YES_AGGRESSIVE;
				GCC_WARN_UNUSED_FUNCTION = YES;
				GCC_WARN_UNUSED_VARIABLE = YES;
				IPHONEOS_DEPLOYMENT_TARGET = 18.4;
				LOCALIZATION_PREFERS_STRING_CATALOGS = YES;
				MTL_ENABLE_DEBUG_INFO = NO;
				MTL_FAST_MATH = YES;
				SDKROOT = iphoneos;
				SWIFT_COMPILATION_MODE = wholemodule;
				VALIDATE_PRODUCT = YES;
			};
			name = Release;
		};
		B525634E2E1E133700CCDEFC /* Debug */ = {
			isa = XCBuildConfiguration;
			buildSettings = {
				ASSETCATALOG_COMPILER_APPICON_NAME = AppIcon;
				ASSETCATALOG_COMPILER_GLOBAL_ACCENT_COLOR_NAME = AccentColor;
				CODE_SIGN_STYLE = Automatic;
				CURRENT_PROJECT_VERSION = 1;
				DEVELOPMENT_TEAM = 99ML87QN3J;
				ENABLE_PREVIEWS = YES;
				ENABLE_USER_SCRIPT_SANDBOXING = NO;
				GENERATE_INFOPLIST_FILE = YES;
				INFOPLIST_FILE = Saboteur/Info.plist;
				INFOPLIST_KEY_NSLocalNetworkUsageDescription = "This application will use local networking to discover nearby devices.";
				INFOPLIST_KEY_UIApplicationSceneManifest_Generation = YES;
				INFOPLIST_KEY_UIApplicationSupportsIndirectInputEvents = YES;
				INFOPLIST_KEY_UILaunchScreen_Generation = YES;
				INFOPLIST_KEY_UISupportedInterfaceOrientations_iPad = UIInterfaceOrientationLandscapeLeft;
				INFOPLIST_KEY_UISupportedInterfaceOrientations_iPhone = UIInterfaceOrientationLandscapeLeft;
				IPHONEOS_DEPLOYMENT_TARGET = 18.0;
				LD_RUNPATH_SEARCH_PATHS = (
					"$(inherited)",
					"@executable_path/Frameworks",
				);
				MARKETING_VERSION = 1.0;
				PRODUCT_BUNDLE_IDENTIFIER = com.2025C4M4.Saboteur;
				PRODUCT_NAME = "$(TARGET_NAME)";
				SWIFT_EMIT_LOC_STRINGS = YES;
				SWIFT_VERSION = 5.0;
				TARGETED_DEVICE_FAMILY = "1,2";
			};
			name = Debug;
		};
		B525634F2E1E133700CCDEFC /* Release */ = {
			isa = XCBuildConfiguration;
			buildSettings = {
				ASSETCATALOG_COMPILER_APPICON_NAME = AppIcon;
				ASSETCATALOG_COMPILER_GLOBAL_ACCENT_COLOR_NAME = AccentColor;
				CODE_SIGN_STYLE = Automatic;
				CURRENT_PROJECT_VERSION = 1;
				DEVELOPMENT_TEAM = 99ML87QN3J;
				ENABLE_PREVIEWS = YES;
				ENABLE_USER_SCRIPT_SANDBOXING = NO;
				GENERATE_INFOPLIST_FILE = YES;
				INFOPLIST_FILE = Saboteur/Info.plist;
				INFOPLIST_KEY_NSLocalNetworkUsageDescription = "This application will use local networking to discover nearby devices.";
				INFOPLIST_KEY_UIApplicationSceneManifest_Generation = YES;
				INFOPLIST_KEY_UIApplicationSupportsIndirectInputEvents = YES;
				INFOPLIST_KEY_UILaunchScreen_Generation = YES;
				INFOPLIST_KEY_UISupportedInterfaceOrientations_iPad = UIInterfaceOrientationLandscapeLeft;
				INFOPLIST_KEY_UISupportedInterfaceOrientations_iPhone = UIInterfaceOrientationLandscapeLeft;
				IPHONEOS_DEPLOYMENT_TARGET = 18.0;
				LD_RUNPATH_SEARCH_PATHS = (
					"$(inherited)",
					"@executable_path/Frameworks",
				);
				MARKETING_VERSION = 1.0;
				PRODUCT_BUNDLE_IDENTIFIER = com.2025C4M4.Saboteur;
				PRODUCT_NAME = "$(TARGET_NAME)";
				SWIFT_EMIT_LOC_STRINGS = YES;
				SWIFT_VERSION = 5.0;
				TARGETED_DEVICE_FAMILY = "1,2";
			};
			name = Release;
		};
		B52563512E1E133700CCDEFC /* Debug */ = {
			isa = XCBuildConfiguration;
			buildSettings = {
				BUNDLE_LOADER = "$(TEST_HOST)";
				CODE_SIGN_STYLE = Automatic;
				CURRENT_PROJECT_VERSION = 1;
				DEVELOPMENT_TEAM = 99ML87QN3J;
				GENERATE_INFOPLIST_FILE = YES;
				IPHONEOS_DEPLOYMENT_TARGET = 18.4;
				MARKETING_VERSION = 1.0;
				PRODUCT_BUNDLE_IDENTIFIER = com.2025C4M4.SaboteurTests;
				PRODUCT_NAME = "$(TARGET_NAME)";
				SWIFT_EMIT_LOC_STRINGS = NO;
				SWIFT_VERSION = 5.0;
				TARGETED_DEVICE_FAMILY = "1,2";
				TEST_HOST = "$(BUILT_PRODUCTS_DIR)/Saboteur.app/$(BUNDLE_EXECUTABLE_FOLDER_PATH)/Saboteur";
			};
			name = Debug;
		};
		B52563522E1E133700CCDEFC /* Release */ = {
			isa = XCBuildConfiguration;
			buildSettings = {
				BUNDLE_LOADER = "$(TEST_HOST)";
				CODE_SIGN_STYLE = Automatic;
				CURRENT_PROJECT_VERSION = 1;
				DEVELOPMENT_TEAM = 99ML87QN3J;
				GENERATE_INFOPLIST_FILE = YES;
				IPHONEOS_DEPLOYMENT_TARGET = 18.4;
				MARKETING_VERSION = 1.0;
				PRODUCT_BUNDLE_IDENTIFIER = com.2025C4M4.SaboteurTests;
				PRODUCT_NAME = "$(TARGET_NAME)";
				SWIFT_EMIT_LOC_STRINGS = NO;
				SWIFT_VERSION = 5.0;
				TARGETED_DEVICE_FAMILY = "1,2";
				TEST_HOST = "$(BUILT_PRODUCTS_DIR)/Saboteur.app/$(BUNDLE_EXECUTABLE_FOLDER_PATH)/Saboteur";
			};
			name = Release;
		};
		B52563542E1E133700CCDEFC /* Debug */ = {
			isa = XCBuildConfiguration;
			buildSettings = {
				CODE_SIGN_STYLE = Automatic;
				CURRENT_PROJECT_VERSION = 1;
				DEVELOPMENT_TEAM = 99ML87QN3J;
				GENERATE_INFOPLIST_FILE = YES;
				MARKETING_VERSION = 1.0;
				PRODUCT_BUNDLE_IDENTIFIER = com.2025C4M4.SaboteurUITests;
				PRODUCT_NAME = "$(TARGET_NAME)";
				SWIFT_EMIT_LOC_STRINGS = NO;
				SWIFT_VERSION = 5.0;
				TARGETED_DEVICE_FAMILY = "1,2";
				TEST_TARGET_NAME = Saboteur;
			};
			name = Debug;
		};
		B52563552E1E133700CCDEFC /* Release */ = {
			isa = XCBuildConfiguration;
			buildSettings = {
				CODE_SIGN_STYLE = Automatic;
				CURRENT_PROJECT_VERSION = 1;
				DEVELOPMENT_TEAM = 99ML87QN3J;
				GENERATE_INFOPLIST_FILE = YES;
				MARKETING_VERSION = 1.0;
				PRODUCT_BUNDLE_IDENTIFIER = com.2025C4M4.SaboteurUITests;
				PRODUCT_NAME = "$(TARGET_NAME)";
				SWIFT_EMIT_LOC_STRINGS = NO;
				SWIFT_VERSION = 5.0;
				TARGETED_DEVICE_FAMILY = "1,2";
				TEST_TARGET_NAME = Saboteur;
			};
			name = Release;
		};
		B55D1C4A2E24A7D600DECE90 /* Debug */ = {
			isa = XCBuildConfiguration;
			buildSettings = {
				CODE_SIGN_STYLE = Automatic;
				DEVELOPMENT_TEAM = RK3JJD2BZC;
				ENABLE_HARDENED_RUNTIME = YES;
				MACOSX_DEPLOYMENT_TARGET = 15.4;
				PRODUCT_NAME = "$(TARGET_NAME)";
				SDKROOT = macosx;
				SWIFT_VERSION = 5.0;
			};
			name = Debug;
		};
		B55D1C4B2E24A7D600DECE90 /* Release */ = {
			isa = XCBuildConfiguration;
			buildSettings = {
				CODE_SIGN_STYLE = Automatic;
				DEVELOPMENT_TEAM = RK3JJD2BZC;
				ENABLE_HARDENED_RUNTIME = YES;
				MACOSX_DEPLOYMENT_TARGET = 15.4;
				PRODUCT_NAME = "$(TARGET_NAME)";
				SDKROOT = macosx;
				SWIFT_VERSION = 5.0;
			};
			name = Release;
		};
/* End XCBuildConfiguration section */

/* Begin XCConfigurationList section */
		B5171A9C2E288C110034D9AC /* Build configuration list for PBXNativeTarget "SaboteurKit" */ = {
			isa = XCConfigurationList;
			buildConfigurations = (
				B5171A9D2E288C110034D9AC /* Debug */,
				B5171A9E2E288C110034D9AC /* Release */,
			);
			defaultConfigurationIsVisible = 0;
			defaultConfigurationName = Release;
		};
		B51F32392E26053300A09119 /* Build configuration list for PBXNativeTarget "P2PKit" */ = {
			isa = XCConfigurationList;
			buildConfigurations = (
				B51F32372E26053300A09119 /* Debug */,
				B51F32382E26053300A09119 /* Release */,
			);
			defaultConfigurationIsVisible = 0;
			defaultConfigurationName = Release;
		};
		B52563252E1E133600CCDEFC /* Build configuration list for PBXProject "Saboteur" */ = {
			isa = XCConfigurationList;
			buildConfigurations = (
				B525634B2E1E133700CCDEFC /* Debug */,
				B525634C2E1E133700CCDEFC /* Release */,
			);
			defaultConfigurationIsVisible = 0;
			defaultConfigurationName = Release;
		};
		B525634D2E1E133700CCDEFC /* Build configuration list for PBXNativeTarget "Saboteur" */ = {
			isa = XCConfigurationList;
			buildConfigurations = (
				B525634E2E1E133700CCDEFC /* Debug */,
				B525634F2E1E133700CCDEFC /* Release */,
			);
			defaultConfigurationIsVisible = 0;
			defaultConfigurationName = Release;
		};
		B52563502E1E133700CCDEFC /* Build configuration list for PBXNativeTarget "SaboteurTests" */ = {
			isa = XCConfigurationList;
			buildConfigurations = (
				B52563512E1E133700CCDEFC /* Debug */,
				B52563522E1E133700CCDEFC /* Release */,
			);
			defaultConfigurationIsVisible = 0;
			defaultConfigurationName = Release;
		};
		B52563532E1E133700CCDEFC /* Build configuration list for PBXNativeTarget "SaboteurUITests" */ = {
			isa = XCConfigurationList;
			buildConfigurations = (
				B52563542E1E133700CCDEFC /* Debug */,
				B52563552E1E133700CCDEFC /* Release */,
			);
			defaultConfigurationIsVisible = 0;
			defaultConfigurationName = Release;
		};
		B55D1C492E24A7D600DECE90 /* Build configuration list for PBXNativeTarget "GameEngine" */ = {
			isa = XCConfigurationList;
			buildConfigurations = (
				B55D1C4A2E24A7D600DECE90 /* Debug */,
				B55D1C4B2E24A7D600DECE90 /* Release */,
			);
			defaultConfigurationIsVisible = 0;
			defaultConfigurationName = Release;
		};
/* End XCConfigurationList section */

/* Begin XCLocalSwiftPackageReference section */
		8BCCE2AD2E31FA2500906D64 /* XCLocalSwiftPackageReference "SaboteurKit" */ = {
			isa = XCLocalSwiftPackageReference;
			relativePath = SaboteurKit;
		};
		B51719972E2610870034D9AC /* XCLocalSwiftPackageReference "P2PKit" */ = {
			isa = XCLocalSwiftPackageReference;
			relativePath = P2PKit;
		};
/* End XCLocalSwiftPackageReference section */

/* Begin XCRemoteSwiftPackageReference section */
		B55D1CD92E25194C00DECE90 /* XCRemoteSwiftPackageReference "swift-log" */ = {
			isa = XCRemoteSwiftPackageReference;
			repositoryURL = "https://github.com/apple/swift-log";
			requirement = {
				kind = upToNextMajorVersion;
				minimumVersion = 1.6.3;
			};
		};
/* End XCRemoteSwiftPackageReference section */

/* Begin XCSwiftPackageProductDependency section */
		8BA19F7C2E25EA75004BF13A /* P2PKit */ = {
			isa = XCSwiftPackageProductDependency;
			productName = P2PKit;
		};
		8BCB293D2E2FC6630085688D /* SaboteurKit */ = {
			isa = XCSwiftPackageProductDependency;
			productName = SaboteurKit;
		};
		8BCB2B472E2FD9D10085688D /* SaboteurKit */ = {
			isa = XCSwiftPackageProductDependency;
			productName = SaboteurKit;
		};
		8BCCDF952E31B78700906D64 /* SaboteurKit */ = {
			isa = XCSwiftPackageProductDependency;
			productName = SaboteurKit;
		};
		8BCCE0B32E31E11C00906D64 /* SaboteurKit */ = {
			isa = XCSwiftPackageProductDependency;
			productName = SaboteurKit;
		};
		8BCCE2AE2E31FA2500906D64 /* SaboteurKit */ = {
			isa = XCSwiftPackageProductDependency;
			productName = SaboteurKit;
		};
		B51719982E2612150034D9AC /* P2PKit */ = {
			isa = XCSwiftPackageProductDependency;
			productName = P2PKit;
		};
		B5171AA42E2890DA0034D9AC /* SaboteurKit */ = {
			isa = XCSwiftPackageProductDependency;
			productName = SaboteurKit;
		};
		B5171AA62E2890F30034D9AC /* SaboteurKit */ = {
			isa = XCSwiftPackageProductDependency;
			productName = SaboteurKit;
		};
		B5171AF62E2893AA0034D9AC /* SaboteurKit */ = {
			isa = XCSwiftPackageProductDependency;
			productName = SaboteurKit;
		};
		B55D1CDA2E25194C00DECE90 /* Logging */ = {
			isa = XCSwiftPackageProductDependency;
			package = B55D1CD92E25194C00DECE90 /* XCRemoteSwiftPackageReference "swift-log" */;
			productName = Logging;
		};
/* End XCSwiftPackageProductDependency section */
	};
	rootObject = B52563222E1E133600CCDEFC /* Project object */;
}
